// !$*UTF8*$!
{
	archiveVersion = 1;
	classes = {
	};
	objectVersion = 46;
	objects = {

/* Begin PBXBuildFile section */
		B84743391C44D7630012BF61 /* AppDelegate.swift in Sources */ = {isa = PBXBuildFile; fileRef = B84743381C44D7630012BF61 /* AppDelegate.swift */; };
		B847433B1C44D7630012BF61 /* ViewController.swift in Sources */ = {isa = PBXBuildFile; fileRef = B847433A1C44D7630012BF61 /* ViewController.swift */; };
		B847433E1C44D7630012BF61 /* Main.storyboard in Resources */ = {isa = PBXBuildFile; fileRef = B847433C1C44D7630012BF61 /* Main.storyboard */; };
		B84743401C44D7630012BF61 /* Images.xcassets in Resources */ = {isa = PBXBuildFile; fileRef = B847433F1C44D7630012BF61 /* Images.xcassets */; };
		B84743431C44D7630012BF61 /* LaunchScreen.xib in Resources */ = {isa = PBXBuildFile; fileRef = B84743411C44D7630012BF61 /* LaunchScreen.xib */; };
		B847434F1C44D7630012BF61 /* swift_graphicsTests.swift in Sources */ = {isa = PBXBuildFile; fileRef = B847434E1C44D7630012BF61 /* swift_graphicsTests.swift */; };
		B84743591C44D78A0012BF61 /* Circle.swift in Sources */ = {isa = PBXBuildFile; fileRef = B84743581C44D78A0012BF61 /* Circle.swift */; };
/* End PBXBuildFile section */

/* Begin PBXContainerItemProxy section */
		B84743491C44D7630012BF61 /* PBXContainerItemProxy */ = {
			isa = PBXContainerItemProxy;
			containerPortal = B847432B1C44D7630012BF61 /* Project object */;
			proxyType = 1;
			remoteGlobalIDString = B84743321C44D7630012BF61;
			remoteInfo = "swift graphics";
		};
/* End PBXContainerItemProxy section */

/* Begin PBXFileReference section */
		B84743331C44D7630012BF61 /* swift graphics.app */ = {isa = PBXFileReference; explicitFileType = wrapper.application; includeInIndex = 0; path = "swift graphics.app"; sourceTree = BUILT_PRODUCTS_DIR; };
		B84743371C44D7630012BF61 /* Info.plist */ = {isa = PBXFileReference; lastKnownFileType = text.plist.xml; path = Info.plist; sourceTree = "<group>"; };
		B84743381C44D7630012BF61 /* AppDelegate.swift */ = {isa = PBXFileReference; lastKnownFileType = sourcecode.swift; path = AppDelegate.swift; sourceTree = "<group>"; };
		B847433A1C44D7630012BF61 /* ViewController.swift */ = {isa = PBXFileReference; lastKnownFileType = sourcecode.swift; path = ViewController.swift; sourceTree = "<group>"; };
		B847433D1C44D7630012BF61 /* Base */ = {isa = PBXFileReference; lastKnownFileType = file.storyboard; name = Base; path = Base.lproj/Main.storyboard; sourceTree = "<group>"; };
		B847433F1C44D7630012BF61 /* Images.xcassets */ = {isa = PBXFileReference; lastKnownFileType = folder.assetcatalog; path = Images.xcassets; sourceTree = "<group>"; };
		B84743421C44D7630012BF61 /* Base */ = {isa = PBXFileReference; lastKnownFileType = file.xib; name = Base; path = Base.lproj/LaunchScreen.xib; sourceTree = "<group>"; };
		B84743481C44D7630012BF61 /* swift graphicsTests.xctest */ = {isa = PBXFileReference; explicitFileType = wrapper.cfbundle; includeInIndex = 0; path = "swift graphicsTests.xctest"; sourceTree = BUILT_PRODUCTS_DIR; };
		B847434D1C44D7630012BF61 /* Info.plist */ = {isa = PBXFileReference; lastKnownFileType = text.plist.xml; path = Info.plist; sourceTree = "<group>"; };
		B847434E1C44D7630012BF61 /* swift_graphicsTests.swift */ = {isa = PBXFileReference; lastKnownFileType = sourcecode.swift; path = swift_graphicsTests.swift; sourceTree = "<group>"; };
		B84743581C44D78A0012BF61 /* Circle.swift */ = {isa = PBXFileReference; fileEncoding = 4; lastKnownFileType = sourcecode.swift; path = Circle.swift; sourceTree = "<group>"; };
/* End PBXFileReference section */

/* Begin PBXFrameworksBuildPhase section */
		B84743301C44D7630012BF61 /* Frameworks */ = {
			isa = PBXFrameworksBuildPhase;
			buildActionMask = 2147483647;
			files = (
			);
			runOnlyForDeploymentPostprocessing = 0;
		};
		B84743451C44D7630012BF61 /* Frameworks */ = {
			isa = PBXFrameworksBuildPhase;
			buildActionMask = 2147483647;
			files = (
			);
			runOnlyForDeploymentPostprocessing = 0;
		};
/* End PBXFrameworksBuildPhase section */

/* Begin PBXGroup section */
		B847432A1C44D7630012BF61 = {
			isa = PBXGroup;
			children = (
				B84743351C44D7630012BF61 /* swift graphics */,
				B847434B1C44D7630012BF61 /* swift graphicsTests */,
				B84743341C44D7630012BF61 /* Products */,
			);
			sourceTree = "<group>";
		};
		B84743341C44D7630012BF61 /* Products */ = {
			isa = PBXGroup;
			children = (
				B84743331C44D7630012BF61 /* swift graphics.app */,
				B84743481C44D7630012BF61 /* swift graphicsTests.xctest */,
			);
			name = Products;
			sourceTree = "<group>";
		};
		B84743351C44D7630012BF61 /* swift graphics */ = {
			isa = PBXGroup;
			children = (
				B84743381C44D7630012BF61 /* AppDelegate.swift */,
				B847433A1C44D7630012BF61 /* ViewController.swift */,
				B84743581C44D78A0012BF61 /* Circle.swift */,
				B847433C1C44D7630012BF61 /* Main.storyboard */,
				B847433F1C44D7630012BF61 /* Images.xcassets */,
				B84743411C44D7630012BF61 /* LaunchScreen.xib */,
				B84743361C44D7630012BF61 /* Supporting Files */,
			);
			path = "swift graphics";
			sourceTree = "<group>";
		};
		B84743361C44D7630012BF61 /* Supporting Files */ = {
			isa = PBXGroup;
			children = (
				B84743371C44D7630012BF61 /* Info.plist */,
			);
			name = "Supporting Files";
			sourceTree = "<group>";
		};
		B847434B1C44D7630012BF61 /* swift graphicsTests */ = {
			isa = PBXGroup;
			children = (
				B847434E1C44D7630012BF61 /* swift_graphicsTests.swift */,
				B847434C1C44D7630012BF61 /* Supporting Files */,
			);
			path = "swift graphicsTests";
			sourceTree = "<group>";
		};
		B847434C1C44D7630012BF61 /* Supporting Files */ = {
			isa = PBXGroup;
			children = (
				B847434D1C44D7630012BF61 /* Info.plist */,
			);
			name = "Supporting Files";
			sourceTree = "<group>";
		};
/* End PBXGroup section */

/* Begin PBXNativeTarget section */
		B84743321C44D7630012BF61 /* swift graphics */ = {
			isa = PBXNativeTarget;
			buildConfigurationList = B84743521C44D7630012BF61 /* Build configuration list for PBXNativeTarget "swift graphics" */;
			buildPhases = (
				B847432F1C44D7630012BF61 /* Sources */,
				B84743301C44D7630012BF61 /* Frameworks */,
				B84743311C44D7630012BF61 /* Resources */,
			);
			buildRules = (
			);
			dependencies = (
			);
			name = "swift graphics";
			productName = "swift graphics";
			productReference = B84743331C44D7630012BF61 /* swift graphics.app */;
			productType = "com.apple.product-type.application";
		};
		B84743471C44D7630012BF61 /* swift graphicsTests */ = {
			isa = PBXNativeTarget;
			buildConfigurationList = B84743551C44D7630012BF61 /* Build configuration list for PBXNativeTarget "swift graphicsTests" */;
			buildPhases = (
				B84743441C44D7630012BF61 /* Sources */,
				B84743451C44D7630012BF61 /* Frameworks */,
				B84743461C44D7630012BF61 /* Resources */,
			);
			buildRules = (
			);
			dependencies = (
				B847434A1C44D7630012BF61 /* PBXTargetDependency */,
			);
			name = "swift graphicsTests";
			productName = "swift graphicsTests";
			productReference = B84743481C44D7630012BF61 /* swift graphicsTests.xctest */;
			productType = "com.apple.product-type.bundle.unit-test";
		};
/* End PBXNativeTarget section */

/* Begin PBXProject section */
		B847432B1C44D7630012BF61 /* Project object */ = {
			isa = PBXProject;
			attributes = {
				LastUpgradeCheck = 0640;
				ORGANIZATIONNAME = "RMK User";
				TargetAttributes = {
					B84743321C44D7630012BF61 = {
						CreatedOnToolsVersion = 6.4;
					};
					B84743471C44D7630012BF61 = {
						CreatedOnToolsVersion = 6.4;
						TestTargetID = B84743321C44D7630012BF61;
					};
				};
			};
			buildConfigurationList = B847432E1C44D7630012BF61 /* Build configuration list for PBXProject "swift graphics" */;
			compatibilityVersion = "Xcode 3.2";
			developmentRegion = English;
			hasScannedForEncodings = 0;
			knownRegions = (
				en,
				Base,
			);
			mainGroup = B847432A1C44D7630012BF61;
			productRefGroup = B84743341C44D7630012BF61 /* Products */;
			projectDirPath = "";
			projectRoot = "";
			targets = (
				B84743321C44D7630012BF61 /* swift graphics */,
				B84743471C44D7630012BF61 /* swift graphicsTests */,
			);
		};
/* End PBXProject section */

/* Begin PBXResourcesBuildPhase section */
		B84743311C44D7630012BF61 /* Resources */ = {
			isa = PBXResourcesBuildPhase;
			buildActionMask = 2147483647;
			files = (
				B847433E1C44D7630012BF61 /* Main.storyboard in Resources */,
				B84743431C44D7630012BF61 /* LaunchScreen.xib in Resources */,
				B84743401C44D7630012BF61 /* Images.xcassets in Resources */,
			);
			runOnlyForDeploymentPostprocessing = 0;
		};
		B84743461C44D7630012BF61 /* Resources */ = {
			isa = PBXResourcesBuildPhase;
			buildActionMask = 2147483647;
			files = (
			);
			runOnlyForDeploymentPostprocessing = 0;
		};
/* End PBXResourcesBuildPhase section */

/* Begin PBXSourcesBuildPhase section */
		B847432F1C44D7630012BF61 /* Sources */ = {
			isa = PBXSourcesBuildPhase;
			buildActionMask = 2147483647;
			files = (
				B847433B1C44D7630012BF61 /* ViewController.swift in Sources */,
				B84743391C44D7630012BF61 /* AppDelegate.swift in Sources */,
				B84743591C44D78A0012BF61 /* Circle.swift in Sources */,
			);
			runOnlyForDeploymentPostprocessing = 0;
		};
		B84743441C44D7630012BF61 /* Sources */ = {
			isa = PBXSourcesBuildPhase;
			buildActionMask = 2147483647;
			files = (
				B847434F1C44D7630012BF61 /* swift_graphicsTests.swift in Sources */,
			);
			runOnlyForDeploymentPostprocessing = 0;
		};
/* End PBXSourcesBuildPhase section */

/* Begin PBXTargetDependency section */
		B847434A1C44D7630012BF61 /* PBXTargetDependency */ = {
			isa = PBXTargetDependency;
			target = B84743321C44D7630012BF61 /* swift graphics */;
			targetProxy = B84743491C44D7630012BF61 /* PBXContainerItemProxy */;
		};
/* End PBXTargetDependency section */

/* Begin PBXVariantGroup section */
		B847433C1C44D7630012BF61 /* Main.storyboard */ = {
			isa = PBXVariantGroup;
			children = (
				B847433D1C44D7630012BF61 /* Base */,
			);
			name = Main.storyboard;
			sourceTree = "<group>";
		};
		B84743411C44D7630012BF61 /* LaunchScreen.xib */ = {
			isa = PBXVariantGroup;
			children = (
				B84743421C44D7630012BF61 /* Base */,
			);
			name = LaunchScreen.xib;
			sourceTree = "<group>";
		};
/* End PBXVariantGroup section */

/* Begin XCBuildConfiguration section */
		B84743501C44D7630012BF61 /* Debug */ = {
			isa = XCBuildConfiguration;
			buildSettings = {
				ALWAYS_SEARCH_USER_PATHS = NO;
				CLANG_CXX_LANGUAGE_STANDARD = "gnu++0x";
				CLANG_CXX_LIBRARY = "libc++";
				CLANG_ENABLE_MODULES = YES;
				CLANG_ENABLE_OBJC_ARC = YES;
				CLANG_WARN_BOOL_CONVERSION = YES;
				CLANG_WARN_CONSTANT_CONVERSION = YES;
				CLANG_WARN_DIRECT_OBJC_ISA_USAGE = YES_ERROR;
				CLANG_WARN_EMPTY_BODY = YES;
				CLANG_WARN_ENUM_CONVERSION = YES;
				CLANG_WARN_INT_CONVERSION = YES;
				CLANG_WARN_OBJC_ROOT_CLASS = YES_ERROR;
				CLANG_WARN_UNREACHABLE_CODE = YES;
				CLANG_WARN__DUPLICATE_METHOD_MATCH = YES;
				"CODE_SIGN_IDENTITY[sdk=iphoneos*]" = "iPhone Developer";
				COPY_PHASE_STRIP = NO;
				DEBUG_INFORMATION_FORMAT = "dwarf-with-dsym";
				ENABLE_STRICT_OBJC_MSGSEND = YES;
				GCC_C_LANGUAGE_STANDARD = gnu99;
				GCC_DYNAMIC_NO_PIC = NO;
				GCC_NO_COMMON_BLOCKS = YES;
				GCC_OPTIMIZATION_LEVEL = 0;
				GCC_PREPROCESSOR_DEFINITIONS = (
					"DEBUG=1",
					"$(inherited)",
				);
				GCC_SYMBOLS_PRIVATE_EXTERN = NO;
				GCC_WARN_64_TO_32_BIT_CONVERSION = YES;
				GCC_WARN_ABOUT_RETURN_TYPE = YES_ERROR;
				GCC_WARN_UNDECLARED_SELECTOR = YES;
				GCC_WARN_UNINITIALIZED_AUTOS = YES_AGGRESSIVE;
				GCC_WARN_UNUSED_FUNCTION = YES;
				GCC_WARN_UNUSED_VARIABLE = YES;
				IPHONEOS_DEPLOYMENT_TARGET = 8.4;
				MTL_ENABLE_DEBUG_INFO = YES;
				ONLY_ACTIVE_ARCH = YES;
				SDKROOT = iphoneos;
				SWIFT_OPTIMIZATION_LEVEL = "-Onone";
			};
			name = Debug;
		};
		B84743511C44D7630012BF61 /* Release */ = {
			isa = XCBuildConfiguration;
			buildSettings = {
				ALWAYS_SEARCH_USER_PATHS = NO;
				CLANG_CXX_LANGUAGE_STANDARD = "gnu++0x";
				CLANG_CXX_LIBRARY = "libc++";
				CLANG_ENABLE_MODULES = YES;
				CLANG_ENABLE_OBJC_ARC = YES;
				CLANG_WARN_BOOL_CONVERSION = YES;
				CLANG_WARN_CONSTANT_CONVERSION = YES;
				CLANG_WARN_DIRECT_OBJC_ISA_USAGE = YES_ERROR;
				CLANG_WARN_EMPTY_BODY = YES;
				CLANG_WARN_ENUM_CONVERSION = YES;
				CLANG_WARN_INT_CONVERSION = YES;
				CLANG_WARN_OBJC_ROOT_CLASS = YES_ERROR;
				CLANG_WARN_UNREACHABLE_CODE = YES;
				CLANG_WARN__DUPLICATE_METHOD_MATCH = YES;
				"CODE_SIGN_IDENTITY[sdk=iphoneos*]" = "iPhone Developer";
				COPY_PHASE_STRIP = NO;
				DEBUG_INFORMATION_FORMAT = "dwarf-with-dsym";
				ENABLE_NS_ASSERTIONS = NO;
				ENABLE_STRICT_OBJC_MSGSEND = YES;
				GCC_C_LANGUAGE_STANDARD = gnu99;
				GCC_NO_COMMON_BLOCKS = YES;
				GCC_WARN_64_TO_32_BIT_CONVERSION = YES;
				GCC_WARN_ABOUT_RETURN_TYPE = YES_ERROR;
				GCC_WARN_UNDECLARED_SELECTOR = YES;
				GCC_WARN_UNINITIALIZED_AUTOS = YES_AGGRESSIVE;
				GCC_WARN_UNUSED_FUNCTION = YES;
				GCC_WARN_UNUSED_VARIABLE = YES;
				IPHONEOS_DEPLOYMENT_TARGET = 8.4;
				MTL_ENABLE_DEBUG_INFO = NO;
				SDKROOT = iphoneos;
				VALIDATE_PRODUCT = YES;
			};
			name = Release;
		};
		B84743531C44D7630012BF61 /* Debug */ = {
			isa = XCBuildConfiguration;
			buildSettings = {
				ASSETCATALOG_COMPILER_APPICON_NAME = AppIcon;
				INFOPLIST_FILE = "swift graphics/Info.plist";
				LD_RUNPATH_SEARCH_PATHS = "$(inherited) @executable_path/Frameworks";
				PRODUCT_NAME = "$(TARGET_NAME)";
			};
			name = Debug;
		};
		B84743541C44D7630012BF61 /* Release */ = {
			isa = XCBuildConfiguration;
			buildSettings = {
				ASSETCATALOG_COMPILER_APPICON_NAME = AppIcon;
				INFOPLIST_FILE = "swift graphics/Info.plist";
				LD_RUNPATH_SEARCH_PATHS = "$(inherited) @executable_path/Frameworks";
				PRODUCT_NAME = "$(TARGET_NAME)";
			};
			name = Release;
		};
		B84743561C44D7630012BF61 /* Debug */ = {
			isa = XCBuildConfiguration;
			buildSettings = {
				BUNDLE_LOADER = "$(TEST_HOST)";
				FRAMEWORK_SEARCH_PATHS = (
					"$(SDKROOT)/Developer/Library/Frameworks",
					"$(inherited)",
				);
				GCC_PREPROCESSOR_DEFINITIONS = (
					"DEBUG=1",
					"$(inherited)",
				);
				INFOPLIST_FILE = "swift graphicsTests/Info.plist";
				LD_RUNPATH_SEARCH_PATHS = "$(inherited) @executable_path/Frameworks @loader_path/Frameworks";
				PRODUCT_NAME = "$(TARGET_NAME)";
				TEST_HOST = "$(BUILT_PRODUCTS_DIR)/swift graphics.app/swift graphics";
			};
			name = Debug;
		};
		B84743571C44D7630012BF61 /* Release */ = {
			isa = XCBuildConfiguration;
			buildSettings = {
				BUNDLE_LOADER = "$(TEST_HOST)";
				FRAMEWORK_SEARCH_PATHS = (
					"$(SDKROOT)/Developer/Library/Frameworks",
					"$(inherited)",
				);
				INFOPLIST_FILE = "swift graphicsTests/Info.plist";
				LD_RUNPATH_SEARCH_PATHS = "$(inherited) @executable_path/Frameworks @loader_path/Frameworks";
				PRODUCT_NAME = "$(TARGET_NAME)";
				TEST_HOST = "$(BUILT_PRODUCTS_DIR)/swift graphics.app/swift graphics";
			};
			name = Release;
		};
/* End XCBuildConfiguration section */

/* Begin XCConfigurationList section */
		B847432E1C44D7630012BF61 /* Build configuration list for PBXProject "swift graphics" */ = {
			isa = XCConfigurationList;
			buildConfigurations = (
				B84743501C44D7630012BF61 /* Debug */,
				B84743511C44D7630012BF61 /* Release */,
			);
			defaultConfigurationIsVisible = 0;
			defaultConfigurationName = Release;
		};
		B84743521C44D7630012BF61 /* Build configuration list for PBXNativeTarget "swift graphics" */ = {
			isa = XCConfigurationList;
			buildConfigurations = (
				B84743531C44D7630012BF61 /* Debug */,
				B84743541C44D7630012BF61 /* Release */,
			);
			defaultConfigurationIsVisible = 0;
		};
		B84743551C44D7630012BF61 /* Build configuration list for PBXNativeTarget "swift graphicsTests" */ = {
			isa = XCConfigurationList;
			buildConfigurations = (
				B84743561C44D7630012BF61 /* Debug */,
				B84743571C44D7630012BF61 /* Release */,
			);
			defaultConfigurationIsVisible = 0;
		};
/* End XCConfigurationList section */
	};
	rootObject = B847432B1C44D7630012BF61 /* Project object */;
}
