// !$*UTF8*$!
{
	archiveVersion = 1;
	classes = {
	};
	objectVersion = 46;
	objects = {

/* Begin PBXBuildFile section */
		9A3EA0DB1B9FF36800D1CD17 /* cellTableViewCell.swift in Sources */ = {isa = PBXBuildFile; fileRef = 9A3EA0DA1B9FF36800D1CD17 /* cellTableViewCell.swift */; };
		9A4E22E91B9A9A4F006FAA88 /* AppDelegate.swift in Sources */ = {isa = PBXBuildFile; fileRef = 9A4E22E81B9A9A4F006FAA88 /* AppDelegate.swift */; };
		9A4E22EC1B9A9A4F006FAA88 /* iNautix.xcdatamodeld in Sources */ = {isa = PBXBuildFile; fileRef = 9A4E22EA1B9A9A4F006FAA88 /* iNautix.xcdatamodeld */; };
		9A4E22EE1B9A9A4F006FAA88 /* ViewController.swift in Sources */ = {isa = PBXBuildFile; fileRef = 9A4E22ED1B9A9A4F006FAA88 /* ViewController.swift */; };
		9A4E22F11B9A9A4F006FAA88 /* Main.storyboard in Resources */ = {isa = PBXBuildFile; fileRef = 9A4E22EF1B9A9A4F006FAA88 /* Main.storyboard */; };
		9A4E22F31B9A9A4F006FAA88 /* Images.xcassets in Resources */ = {isa = PBXBuildFile; fileRef = 9A4E22F21B9A9A4F006FAA88 /* Images.xcassets */; };
		9A4E22F61B9A9A4F006FAA88 /* LaunchScreen.xib in Resources */ = {isa = PBXBuildFile; fileRef = 9A4E22F41B9A9A4F006FAA88 /* LaunchScreen.xib */; };
		9A4E23021B9A9A4F006FAA88 /* iNautixTests.swift in Sources */ = {isa = PBXBuildFile; fileRef = 9A4E23011B9A9A4F006FAA88 /* iNautixTests.swift */; };
		9A4E230C1B9A9C0E006FAA88 /* menuViewController.swift in Sources */ = {isa = PBXBuildFile; fileRef = 9A4E230B1B9A9C0E006FAA88 /* menuViewController.swift */; };
		9A4E23181B9A9D42006FAA88 /* MMDrawerBarButtonItem.m in Sources */ = {isa = PBXBuildFile; fileRef = 9A4E23101B9A9D42006FAA88 /* MMDrawerBarButtonItem.m */; };
		9A4E23191B9A9D42006FAA88 /* MMDrawerController.m in Sources */ = {isa = PBXBuildFile; fileRef = 9A4E23121B9A9D42006FAA88 /* MMDrawerController.m */; };
		9A4E231A1B9A9D42006FAA88 /* MMDrawerVisualState.m in Sources */ = {isa = PBXBuildFile; fileRef = 9A4E23151B9A9D42006FAA88 /* MMDrawerVisualState.m */; };
		9A4E231B1B9A9D42006FAA88 /* UIViewController+MMDrawerController.m in Sources */ = {isa = PBXBuildFile; fileRef = 9A4E23171B9A9D42006FAA88 /* UIViewController+MMDrawerController.m */; };
		9A4E231F1B9AC5AA006FAA88 /* CardView.swift in Sources */ = {isa = PBXBuildFile; fileRef = 9A4E231E1B9AC5AA006FAA88 /* CardView.swift */; };
		9A6F334D1B9D987000205D00 /* OtherViewController.swift in Sources */ = {isa = PBXBuildFile; fileRef = 9A6F334C1B9D987000205D00 /* OtherViewController.swift */; };
		9A9CB0461BA0275900E11414 /* feedbackViewController.swift in Sources */ = {isa = PBXBuildFile; fileRef = 9A9CB0451BA0275900E11414 /* feedbackViewController.swift */; };
		9AECE8021B9E8C4400B4608A /* programViewController.swift in Sources */ = {isa = PBXBuildFile; fileRef = 9AECE8011B9E8C4400B4608A /* programViewController.swift */; };
		9AECE8041B9E8E3B00B4608A /* LeaderViewController.swift in Sources */ = {isa = PBXBuildFile; fileRef = 9AECE8031B9E8E3B00B4608A /* LeaderViewController.swift */; };
		9AECE8101B9E921700B4608A /* ic_dehaze_white_2x.png in Resources */ = {isa = PBXBuildFile; fileRef = 9AECE80C1B9E921700B4608A /* ic_dehaze_white_2x.png */; };
		9AECE8111B9E921700B4608A /* ic_dehaze_white_3x.png in Resources */ = {isa = PBXBuildFile; fileRef = 9AECE80D1B9E921700B4608A /* ic_dehaze_white_3x.png */; };
		9AECE8121B9E921700B4608A /* ic_dehaze_white.png in Resources */ = {isa = PBXBuildFile; fileRef = 9AECE80E1B9E921700B4608A /* ic_dehaze_white.png */; };
		9AECE8141B9E929D00B4608A /* pershing-bnymellon-fc.jpg in Resources */ = {isa = PBXBuildFile; fileRef = 9AECE8131B9E929D00B4608A /* pershing-bnymellon-fc.jpg */; };
		9AECE8161B9E977500B4608A /* MapKit.framework in Frameworks */ = {isa = PBXBuildFile; fileRef = 9AECE8151B9E977500B4608A /* MapKit.framework */; };
		9AECE8181B9E97EB00B4608A /* CoreLocation.framework in Frameworks */ = {isa = PBXBuildFile; fileRef = 9AECE8171B9E97EB00B4608A /* CoreLocation.framework */; };
		9AF771A91B9D93C300C7E7DE /* RouteViewController.swift in Sources */ = {isa = PBXBuildFile; fileRef = 9AF771A81B9D93C300C7E7DE /* RouteViewController.swift */; };
/* End PBXBuildFile section */

/* Begin PBXContainerItemProxy section */
		9A4E22FC1B9A9A4F006FAA88 /* PBXContainerItemProxy */ = {
			isa = PBXContainerItemProxy;
			containerPortal = 9A4E22DB1B9A9A4F006FAA88 /* Project object */;
			proxyType = 1;
			remoteGlobalIDString = 9A4E22E21B9A9A4F006FAA88;
			remoteInfo = iNautix;
		};
/* End PBXContainerItemProxy section */

/* Begin PBXFileReference section */
		9A3EA0DA1B9FF36800D1CD17 /* cellTableViewCell.swift */ = {isa = PBXFileReference; fileEncoding = 4; lastKnownFileType = sourcecode.swift; path = cellTableViewCell.swift; sourceTree = "<group>"; };
		9A4E22E31B9A9A4F006FAA88 /* iNautix.app */ = {isa = PBXFileReference; explicitFileType = wrapper.application; includeInIndex = 0; path = iNautix.app; sourceTree = BUILT_PRODUCTS_DIR; };
		9A4E22E71B9A9A4F006FAA88 /* Info.plist */ = {isa = PBXFileReference; lastKnownFileType = text.plist.xml; path = Info.plist; sourceTree = "<group>"; };
		9A4E22E81B9A9A4F006FAA88 /* AppDelegate.swift */ = {isa = PBXFileReference; lastKnownFileType = sourcecode.swift; path = AppDelegate.swift; sourceTree = "<group>"; };
		9A4E22EB1B9A9A4F006FAA88 /* iNautix.xcdatamodel */ = {isa = PBXFileReference; lastKnownFileType = wrapper.xcdatamodel; path = iNautix.xcdatamodel; sourceTree = "<group>"; };
		9A4E22ED1B9A9A4F006FAA88 /* ViewController.swift */ = {isa = PBXFileReference; lastKnownFileType = sourcecode.swift; path = ViewController.swift; sourceTree = "<group>"; };
		9A4E22F01B9A9A4F006FAA88 /* Base */ = {isa = PBXFileReference; lastKnownFileType = file.storyboard; name = Base; path = Base.lproj/Main.storyboard; sourceTree = "<group>"; };
		9A4E22F21B9A9A4F006FAA88 /* Images.xcassets */ = {isa = PBXFileReference; lastKnownFileType = folder.assetcatalog; path = Images.xcassets; sourceTree = "<group>"; };
		9A4E22F51B9A9A4F006FAA88 /* Base */ = {isa = PBXFileReference; lastKnownFileType = file.xib; name = Base; path = Base.lproj/LaunchScreen.xib; sourceTree = "<group>"; };
		9A4E22FB1B9A9A4F006FAA88 /* iNautixTests.xctest */ = {isa = PBXFileReference; explicitFileType = wrapper.cfbundle; includeInIndex = 0; path = iNautixTests.xctest; sourceTree = BUILT_PRODUCTS_DIR; };
		9A4E23001B9A9A4F006FAA88 /* Info.plist */ = {isa = PBXFileReference; lastKnownFileType = text.plist.xml; path = Info.plist; sourceTree = "<group>"; };
		9A4E23011B9A9A4F006FAA88 /* iNautixTests.swift */ = {isa = PBXFileReference; lastKnownFileType = sourcecode.swift; path = iNautixTests.swift; sourceTree = "<group>"; };
		9A4E230B1B9A9C0E006FAA88 /* menuViewController.swift */ = {isa = PBXFileReference; fileEncoding = 4; lastKnownFileType = sourcecode.swift; path = menuViewController.swift; sourceTree = "<group>"; };
		9A4E230E1B9A9D41006FAA88 /* iNautix-Bridging-Header.h */ = {isa = PBXFileReference; lastKnownFileType = sourcecode.c.h; path = "iNautix-Bridging-Header.h"; sourceTree = "<group>"; };
		9A4E230F1B9A9D42006FAA88 /* MMDrawerBarButtonItem.h */ = {isa = PBXFileReference; fileEncoding = 4; lastKnownFileType = sourcecode.c.h; path = MMDrawerBarButtonItem.h; sourceTree = "<group>"; };
		9A4E23101B9A9D42006FAA88 /* MMDrawerBarButtonItem.m */ = {isa = PBXFileReference; fileEncoding = 4; lastKnownFileType = sourcecode.c.objc; path = MMDrawerBarButtonItem.m; sourceTree = "<group>"; };
		9A4E23111B9A9D42006FAA88 /* MMDrawerController.h */ = {isa = PBXFileReference; fileEncoding = 4; lastKnownFileType = sourcecode.c.h; path = MMDrawerController.h; sourceTree = "<group>"; };
		9A4E23121B9A9D42006FAA88 /* MMDrawerController.m */ = {isa = PBXFileReference; fileEncoding = 4; lastKnownFileType = sourcecode.c.objc; path = MMDrawerController.m; sourceTree = "<group>"; };
		9A4E23131B9A9D42006FAA88 /* MMDrawerController+Subclass.h */ = {isa = PBXFileReference; fileEncoding = 4; lastKnownFileType = sourcecode.c.h; path = "MMDrawerController+Subclass.h"; sourceTree = "<group>"; };
		9A4E23141B9A9D42006FAA88 /* MMDrawerVisualState.h */ = {isa = PBXFileReference; fileEncoding = 4; lastKnownFileType = sourcecode.c.h; path = MMDrawerVisualState.h; sourceTree = "<group>"; };
		9A4E23151B9A9D42006FAA88 /* MMDrawerVisualState.m */ = {isa = PBXFileReference; fileEncoding = 4; lastKnownFileType = sourcecode.c.objc; path = MMDrawerVisualState.m; sourceTree = "<group>"; };
		9A4E23161B9A9D42006FAA88 /* UIViewController+MMDrawerController.h */ = {isa = PBXFileReference; fileEncoding = 4; lastKnownFileType = sourcecode.c.h; path = "UIViewController+MMDrawerController.h"; sourceTree = "<group>"; };
		9A4E23171B9A9D42006FAA88 /* UIViewController+MMDrawerController.m */ = {isa = PBXFileReference; fileEncoding = 4; lastKnownFileType = sourcecode.c.objc; path = "UIViewController+MMDrawerController.m"; sourceTree = "<group>"; };
		9A4E231E1B9AC5AA006FAA88 /* CardView.swift */ = {isa = PBXFileReference; fileEncoding = 4; lastKnownFileType = sourcecode.swift; path = CardView.swift; sourceTree = "<group>"; };
		9A6F334C1B9D987000205D00 /* OtherViewController.swift */ = {isa = PBXFileReference; fileEncoding = 4; lastKnownFileType = sourcecode.swift; path = OtherViewController.swift; sourceTree = "<group>"; };
		9A9CB0451BA0275900E11414 /* feedbackViewController.swift */ = {isa = PBXFileReference; fileEncoding = 4; lastKnownFileType = sourcecode.swift; path = feedbackViewController.swift; sourceTree = "<group>"; };
		9AECE8011B9E8C4400B4608A /* programViewController.swift */ = {isa = PBXFileReference; fileEncoding = 4; lastKnownFileType = sourcecode.swift; path = programViewController.swift; sourceTree = "<group>"; };
		9AECE8031B9E8E3B00B4608A /* LeaderViewController.swift */ = {isa = PBXFileReference; fileEncoding = 4; lastKnownFileType = sourcecode.swift; path = LeaderViewController.swift; sourceTree = "<group>"; };
		9AECE80C1B9E921700B4608A /* ic_dehaze_white_2x.png */ = {isa = PBXFileReference; lastKnownFileType = image.png; path = ic_dehaze_white_2x.png; sourceTree = "<group>"; };
		9AECE80D1B9E921700B4608A /* ic_dehaze_white_3x.png */ = {isa = PBXFileReference; lastKnownFileType = image.png; path = ic_dehaze_white_3x.png; sourceTree = "<group>"; };
		9AECE80E1B9E921700B4608A /* ic_dehaze_white.png */ = {isa = PBXFileReference; lastKnownFileType = image.png; path = ic_dehaze_white.png; sourceTree = "<group>"; };
		9AECE8131B9E929D00B4608A /* pershing-bnymellon-fc.jpg */ = {isa = PBXFileReference; lastKnownFileType = image.jpeg; path = "pershing-bnymellon-fc.jpg"; sourceTree = "<group>"; };
		9AECE8151B9E977500B4608A /* MapKit.framework */ = {isa = PBXFileReference; lastKnownFileType = wrapper.framework; name = MapKit.framework; path = System/Library/Frameworks/MapKit.framework; sourceTree = SDKROOT; };
		9AECE8171B9E97EB00B4608A /* CoreLocation.framework */ = {isa = PBXFileReference; lastKnownFileType = wrapper.framework; name = CoreLocation.framework; path = System/Library/Frameworks/CoreLocation.framework; sourceTree = SDKROOT; };
		9AECE8211B9EC1D800B4608A /* CoreGraphics.framework */ = {isa = PBXFileReference; lastKnownFileType = wrapper.framework; name = CoreGraphics.framework; path = System/Library/Frameworks/CoreGraphics.framework; sourceTree = SDKROOT; };
		9AECE8251B9EC65400B4608A /* AVFoundation.framework */ = {isa = PBXFileReference; lastKnownFileType = wrapper.framework; name = AVFoundation.framework; path = System/Library/Frameworks/AVFoundation.framework; sourceTree = SDKROOT; };
		9AECE8271B9EC66E00B4608A /* OpenGLES.framework */ = {isa = PBXFileReference; lastKnownFileType = wrapper.framework; name = OpenGLES.framework; path = System/Library/Frameworks/OpenGLES.framework; sourceTree = SDKROOT; };
		9AF771A81B9D93C300C7E7DE /* RouteViewController.swift */ = {isa = PBXFileReference; fileEncoding = 4; lastKnownFileType = sourcecode.swift; path = RouteViewController.swift; sourceTree = "<group>"; };
/* End PBXFileReference section */

/* Begin PBXFrameworksBuildPhase section */
		9A4E22E01B9A9A4F006FAA88 /* Frameworks */ = {
			isa = PBXFrameworksBuildPhase;
			buildActionMask = 2147483647;
			files = (
				9AECE8181B9E97EB00B4608A /* CoreLocation.framework in Frameworks */,
				9AECE8161B9E977500B4608A /* MapKit.framework in Frameworks */,
			);
			runOnlyForDeploymentPostprocessing = 0;
		};
		9A4E22F81B9A9A4F006FAA88 /* Frameworks */ = {
			isa = PBXFrameworksBuildPhase;
			buildActionMask = 2147483647;
			files = (
			);
			runOnlyForDeploymentPostprocessing = 0;
		};
/* End PBXFrameworksBuildPhase section */

/* Begin PBXGroup section */
		9A4E22DA1B9A9A4F006FAA88 = {
			isa = PBXGroup;
			children = (
				9AECE8171B9E97EB00B4608A /* CoreLocation.framework */,
				9AECE8151B9E977500B4608A /* MapKit.framework */,
				9A4E22E51B9A9A4F006FAA88 /* iNautix */,
				9A4E22FE1B9A9A4F006FAA88 /* iNautixTests */,
				9A4E22E41B9A9A4F006FAA88 /* Products */,
				C8429FE901B801FC8C3C5AC1 /* Frameworks */,
			);
			sourceTree = "<group>";
		};
		9A4E22E41B9A9A4F006FAA88 /* Products */ = {
			isa = PBXGroup;
			children = (
				9A4E22E31B9A9A4F006FAA88 /* iNautix.app */,
				9A4E22FB1B9A9A4F006FAA88 /* iNautixTests.xctest */,
			);
			name = Products;
			sourceTree = "<group>";
		};
		9A4E22E51B9A9A4F006FAA88 /* iNautix */ = {
			isa = PBXGroup;
			children = (
				9A4E230D1B9A9CFD006FAA88 /* slidemenu */,
				9A4E22E81B9A9A4F006FAA88 /* AppDelegate.swift */,
				9A4E22ED1B9A9A4F006FAA88 /* ViewController.swift */,
				9A4E22EF1B9A9A4F006FAA88 /* Main.storyboard */,
				9A4E22F21B9A9A4F006FAA88 /* Images.xcassets */,
				9AECE8131B9E929D00B4608A /* pershing-bnymellon-fc.jpg */,
				9AECE80C1B9E921700B4608A /* ic_dehaze_white_2x.png */,
				9AECE80D1B9E921700B4608A /* ic_dehaze_white_3x.png */,
				9AECE80E1B9E921700B4608A /* ic_dehaze_white.png */,
				9A4E22F41B9A9A4F006FAA88 /* LaunchScreen.xib */,
				9A4E22EA1B9A9A4F006FAA88 /* iNautix.xcdatamodeld */,
				9A4E22E61B9A9A4F006FAA88 /* Supporting Files */,
				9A4E230B1B9A9C0E006FAA88 /* menuViewController.swift */,
				9A4E231E1B9AC5AA006FAA88 /* CardView.swift */,
				9AF771A81B9D93C300C7E7DE /* RouteViewController.swift */,
				9A6F334C1B9D987000205D00 /* OtherViewController.swift */,
				9AECE8011B9E8C4400B4608A /* programViewController.swift */,
				9AECE8031B9E8E3B00B4608A /* LeaderViewController.swift */,
				9A3EA0DA1B9FF36800D1CD17 /* cellTableViewCell.swift */,
				9A9CB0451BA0275900E11414 /* feedbackViewController.swift */,
			);
			path = iNautix;
			sourceTree = "<group>";
		};
		9A4E22E61B9A9A4F006FAA88 /* Supporting Files */ = {
			isa = PBXGroup;
			children = (
				9A4E22E71B9A9A4F006FAA88 /* Info.plist */,
			);
			name = "Supporting Files";
			sourceTree = "<group>";
		};
		9A4E22FE1B9A9A4F006FAA88 /* iNautixTests */ = {
			isa = PBXGroup;
			children = (
				9A4E23011B9A9A4F006FAA88 /* iNautixTests.swift */,
				9A4E22FF1B9A9A4F006FAA88 /* Supporting Files */,
			);
			path = iNautixTests;
			sourceTree = "<group>";
		};
		9A4E22FF1B9A9A4F006FAA88 /* Supporting Files */ = {
			isa = PBXGroup;
			children = (
				9A4E23001B9A9A4F006FAA88 /* Info.plist */,
			);
			name = "Supporting Files";
			sourceTree = "<group>";
		};
		9A4E230D1B9A9CFD006FAA88 /* slidemenu */ = {
			isa = PBXGroup;
			children = (
				9A4E230F1B9A9D42006FAA88 /* MMDrawerBarButtonItem.h */,
				9A4E23101B9A9D42006FAA88 /* MMDrawerBarButtonItem.m */,
				9A4E23111B9A9D42006FAA88 /* MMDrawerController.h */,
				9A4E23121B9A9D42006FAA88 /* MMDrawerController.m */,
				9A4E23131B9A9D42006FAA88 /* MMDrawerController+Subclass.h */,
				9A4E23141B9A9D42006FAA88 /* MMDrawerVisualState.h */,
				9A4E23151B9A9D42006FAA88 /* MMDrawerVisualState.m */,
				9A4E23161B9A9D42006FAA88 /* UIViewController+MMDrawerController.h */,
				9A4E23171B9A9D42006FAA88 /* UIViewController+MMDrawerController.m */,
				9A4E230E1B9A9D41006FAA88 /* iNautix-Bridging-Header.h */,
			);
			name = slidemenu;
			sourceTree = "<group>";
		};
		C8429FE901B801FC8C3C5AC1 /* Frameworks */ = {
			isa = PBXGroup;
			children = (
				9AECE8271B9EC66E00B4608A /* OpenGLES.framework */,
				9AECE8251B9EC65400B4608A /* AVFoundation.framework */,
				9AECE8211B9EC1D800B4608A /* CoreGraphics.framework */,
			);
			name = Frameworks;
			sourceTree = "<group>";
		};
/* End PBXGroup section */

/* Begin PBXNativeTarget section */
		9A4E22E21B9A9A4F006FAA88 /* iNautix */ = {
			isa = PBXNativeTarget;
			buildConfigurationList = 9A4E23051B9A9A4F006FAA88 /* Build configuration list for PBXNativeTarget "iNautix" */;
			buildPhases = (
				A612738576D547DEC92A94DF /* Check Pods Manifest.lock */,
				9A4E22DF1B9A9A4F006FAA88 /* Sources */,
				9A4E22E01B9A9A4F006FAA88 /* Frameworks */,
				9A4E22E11B9A9A4F006FAA88 /* Resources */,
				684BBF1E9D344A2A19063E2E /* Copy Pods Resources */,
			);
			buildRules = (
			);
			dependencies = (
			);
			name = iNautix;
			productName = iNautix;
			productReference = 9A4E22E31B9A9A4F006FAA88 /* iNautix.app */;
			productType = "com.apple.product-type.application";
		};
		9A4E22FA1B9A9A4F006FAA88 /* iNautixTests */ = {
			isa = PBXNativeTarget;
			buildConfigurationList = 9A4E23081B9A9A4F006FAA88 /* Build configuration list for PBXNativeTarget "iNautixTests" */;
			buildPhases = (
				9A4E22F71B9A9A4F006FAA88 /* Sources */,
				9A4E22F81B9A9A4F006FAA88 /* Frameworks */,
				9A4E22F91B9A9A4F006FAA88 /* Resources */,
			);
			buildRules = (
			);
			dependencies = (
				9A4E22FD1B9A9A4F006FAA88 /* PBXTargetDependency */,
			);
			name = iNautixTests;
			productName = iNautixTests;
			productReference = 9A4E22FB1B9A9A4F006FAA88 /* iNautixTests.xctest */;
			productType = "com.apple.product-type.bundle.unit-test";
		};
/* End PBXNativeTarget section */

/* Begin PBXProject section */
		9A4E22DB1B9A9A4F006FAA88 /* Project object */ = {
			isa = PBXProject;
			attributes = {
				LastUpgradeCheck = 0640;
				ORGANIZATIONNAME = Aravinth;
				TargetAttributes = {
					9A4E22E21B9A9A4F006FAA88 = {
						CreatedOnToolsVersion = 6.4;
					};
					9A4E22FA1B9A9A4F006FAA88 = {
						CreatedOnToolsVersion = 6.4;
						TestTargetID = 9A4E22E21B9A9A4F006FAA88;
					};
				};
			};
			buildConfigurationList = 9A4E22DE1B9A9A4F006FAA88 /* Build configuration list for PBXProject "iNautix" */;
			compatibilityVersion = "Xcode 3.2";
			developmentRegion = English;
			hasScannedForEncodings = 0;
			knownRegions = (
				en,
				Base,
			);
			mainGroup = 9A4E22DA1B9A9A4F006FAA88;
			productRefGroup = 9A4E22E41B9A9A4F006FAA88 /* Products */;
			projectDirPath = "";
			projectRoot = "";
			targets = (
				9A4E22E21B9A9A4F006FAA88 /* iNautix */,
				9A4E22FA1B9A9A4F006FAA88 /* iNautixTests */,
			);
		};
/* End PBXProject section */

/* Begin PBXResourcesBuildPhase section */
		9A4E22E11B9A9A4F006FAA88 /* Resources */ = {
			isa = PBXResourcesBuildPhase;
			buildActionMask = 2147483647;
			files = (
				9AECE8111B9E921700B4608A /* ic_dehaze_white_3x.png in Resources */,
				9A4E22F11B9A9A4F006FAA88 /* Main.storyboard in Resources */,
				9AECE8101B9E921700B4608A /* ic_dehaze_white_2x.png in Resources */,
				9AECE8141B9E929D00B4608A /* pershing-bnymellon-fc.jpg in Resources */,
				9A4E22F61B9A9A4F006FAA88 /* LaunchScreen.xib in Resources */,
				9AECE8121B9E921700B4608A /* ic_dehaze_white.png in Resources */,
				9A4E22F31B9A9A4F006FAA88 /* Images.xcassets in Resources */,
			);
			runOnlyForDeploymentPostprocessing = 0;
		};
		9A4E22F91B9A9A4F006FAA88 /* Resources */ = {
			isa = PBXResourcesBuildPhase;
			buildActionMask = 2147483647;
			files = (
			);
			runOnlyForDeploymentPostprocessing = 0;
		};
/* End PBXResourcesBuildPhase section */

/* Begin PBXShellScriptBuildPhase section */
		684BBF1E9D344A2A19063E2E /* Copy Pods Resources */ = {
			isa = PBXShellScriptBuildPhase;
			buildActionMask = 2147483647;
			files = (
			);
			inputPaths = (
			);
			name = "Copy Pods Resources";
			outputPaths = (
			);
			runOnlyForDeploymentPostprocessing = 0;
			shellPath = /bin/sh;
			shellScript = "";
			showEnvVarsInLog = 0;
		};
		A612738576D547DEC92A94DF /* Check Pods Manifest.lock */ = {
			isa = PBXShellScriptBuildPhase;
			buildActionMask = 2147483647;
			files = (
			);
			inputPaths = (
			);
			name = "Check Pods Manifest.lock";
			outputPaths = (
			);
			runOnlyForDeploymentPostprocessing = 0;
			shellPath = /bin/sh;
			shellScript = "";
			showEnvVarsInLog = 0;
		};
/* End PBXShellScriptBuildPhase section */

/* Begin PBXSourcesBuildPhase section */
		9A4E22DF1B9A9A4F006FAA88 /* Sources */ = {
			isa = PBXSourcesBuildPhase;
			buildActionMask = 2147483647;
			files = (
				9A4E22EE1B9A9A4F006FAA88 /* ViewController.swift in Sources */,
				9AECE8021B9E8C4400B4608A /* programViewController.swift in Sources */,
				9A6F334D1B9D987000205D00 /* OtherViewController.swift in Sources */,
				9A4E231F1B9AC5AA006FAA88 /* CardView.swift in Sources */,
				9A4E22EC1B9A9A4F006FAA88 /* iNautix.xcdatamodeld in Sources */,
				9A4E23181B9A9D42006FAA88 /* MMDrawerBarButtonItem.m in Sources */,
				9A4E231B1B9A9D42006FAA88 /* UIViewController+MMDrawerController.m in Sources */,
				9A4E22E91B9A9A4F006FAA88 /* AppDelegate.swift in Sources */,
				9A4E23191B9A9D42006FAA88 /* MMDrawerController.m in Sources */,
				9A4E230C1B9A9C0E006FAA88 /* menuViewController.swift in Sources */,
				9AF771A91B9D93C300C7E7DE /* RouteViewController.swift in Sources */,
				9A9CB0461BA0275900E11414 /* feedbackViewController.swift in Sources */,
				9A3EA0DB1B9FF36800D1CD17 /* cellTableViewCell.swift in Sources */,
				9A4E231A1B9A9D42006FAA88 /* MMDrawerVisualState.m in Sources */,
				9AECE8041B9E8E3B00B4608A /* LeaderViewController.swift in Sources */,
			);
			runOnlyForDeploymentPostprocessing = 0;
		};
		9A4E22F71B9A9A4F006FAA88 /* Sources */ = {
			isa = PBXSourcesBuildPhase;
			buildActionMask = 2147483647;
			files = (
				9A4E23021B9A9A4F006FAA88 /* iNautixTests.swift in Sources */,
			);
			runOnlyForDeploymentPostprocessing = 0;
		};
/* End PBXSourcesBuildPhase section */

/* Begin PBXTargetDependency section */
		9A4E22FD1B9A9A4F006FAA88 /* PBXTargetDependency */ = {
			isa = PBXTargetDependency;
			target = 9A4E22E21B9A9A4F006FAA88 /* iNautix */;
			targetProxy = 9A4E22FC1B9A9A4F006FAA88 /* PBXContainerItemProxy */;
		};
/* End PBXTargetDependency section */

/* Begin PBXVariantGroup section */
		9A4E22EF1B9A9A4F006FAA88 /* Main.storyboard */ = {
			isa = PBXVariantGroup;
			children = (
				9A4E22F01B9A9A4F006FAA88 /* Base */,
			);
			name = Main.storyboard;
			sourceTree = "<group>";
		};
		9A4E22F41B9A9A4F006FAA88 /* LaunchScreen.xib */ = {
			isa = PBXVariantGroup;
			children = (
				9A4E22F51B9A9A4F006FAA88 /* Base */,
			);
			name = LaunchScreen.xib;
			sourceTree = "<group>";
		};
/* End PBXVariantGroup section */

/* Begin XCBuildConfiguration section */
		9A4E23031B9A9A4F006FAA88 /* Debug */ = {
			isa = XCBuildConfiguration;
			buildSettings = {
				ALWAYS_SEARCH_USER_PATHS = NO;
				CLANG_CXX_LANGUAGE_STANDARD = "gnu++0x";
				CLANG_CXX_LIBRARY = "libc++";
				CLANG_ENABLE_MODULES = YES;
				CLANG_ENABLE_OBJC_ARC = YES;
				CLANG_WARN_BOOL_CONVERSION = YES;
				CLANG_WARN_CONSTANT_CONVERSION = YES;
				CLANG_WARN_DIRECT_OBJC_ISA_USAGE = YES_ERROR;
				CLANG_WARN_EMPTY_BODY = YES;
				CLANG_WARN_ENUM_CONVERSION = YES;
				CLANG_WARN_INT_CONVERSION = YES;
				CLANG_WARN_OBJC_ROOT_CLASS = YES_ERROR;
				CLANG_WARN_UNREACHABLE_CODE = YES;
				CLANG_WARN__DUPLICATE_METHOD_MATCH = YES;
				"CODE_SIGN_IDENTITY[sdk=iphoneos*]" = "iPhone Developer";
				COPY_PHASE_STRIP = NO;
				DEBUG_INFORMATION_FORMAT = "dwarf-with-dsym";
				ENABLE_STRICT_OBJC_MSGSEND = YES;
				GCC_C_LANGUAGE_STANDARD = gnu99;
				GCC_DYNAMIC_NO_PIC = NO;
				GCC_NO_COMMON_BLOCKS = YES;
				GCC_OPTIMIZATION_LEVEL = 0;
				GCC_PREPROCESSOR_DEFINITIONS = (
					"DEBUG=1",
					"$(inherited)",
				);
				GCC_SYMBOLS_PRIVATE_EXTERN = NO;
				GCC_WARN_64_TO_32_BIT_CONVERSION = YES;
				GCC_WARN_ABOUT_RETURN_TYPE = YES_ERROR;
				GCC_WARN_UNDECLARED_SELECTOR = YES;
				GCC_WARN_UNINITIALIZED_AUTOS = YES_AGGRESSIVE;
				GCC_WARN_UNUSED_FUNCTION = YES;
				GCC_WARN_UNUSED_VARIABLE = YES;
				IPHONEOS_DEPLOYMENT_TARGET = 8.4;
				MTL_ENABLE_DEBUG_INFO = YES;
				ONLY_ACTIVE_ARCH = YES;
				SDKROOT = iphoneos;
				SWIFT_OPTIMIZATION_LEVEL = "-Onone";
				TARGETED_DEVICE_FAMILY = "1,2";
			};
			name = Debug;
		};
		9A4E23041B9A9A4F006FAA88 /* Release */ = {
			isa = XCBuildConfiguration;
			buildSettings = {
				ALWAYS_SEARCH_USER_PATHS = NO;
				CLANG_CXX_LANGUAGE_STANDARD = "gnu++0x";
				CLANG_CXX_LIBRARY = "libc++";
				CLANG_ENABLE_MODULES = YES;
				CLANG_ENABLE_OBJC_ARC = YES;
				CLANG_WARN_BOOL_CONVERSION = YES;
				CLANG_WARN_CONSTANT_CONVERSION = YES;
				CLANG_WARN_DIRECT_OBJC_ISA_USAGE = YES_ERROR;
				CLANG_WARN_EMPTY_BODY = YES;
				CLANG_WARN_ENUM_CONVERSION = YES;
				CLANG_WARN_INT_CONVERSION = YES;
				CLANG_WARN_OBJC_ROOT_CLASS = YES_ERROR;
				CLANG_WARN_UNREACHABLE_CODE = YES;
				CLANG_WARN__DUPLICATE_METHOD_MATCH = YES;
				"CODE_SIGN_IDENTITY[sdk=iphoneos*]" = "iPhone Developer";
				COPY_PHASE_STRIP = NO;
				DEBUG_INFORMATION_FORMAT = "dwarf-with-dsym";
				ENABLE_NS_ASSERTIONS = NO;
				ENABLE_STRICT_OBJC_MSGSEND = YES;
				GCC_C_LANGUAGE_STANDARD = gnu99;
				GCC_NO_COMMON_BLOCKS = YES;
				GCC_WARN_64_TO_32_BIT_CONVERSION = YES;
				GCC_WARN_ABOUT_RETURN_TYPE = YES_ERROR;
				GCC_WARN_UNDECLARED_SELECTOR = YES;
				GCC_WARN_UNINITIALIZED_AUTOS = YES_AGGRESSIVE;
				GCC_WARN_UNUSED_FUNCTION = YES;
				GCC_WARN_UNUSED_VARIABLE = YES;
				IPHONEOS_DEPLOYMENT_TARGET = 8.4;
				MTL_ENABLE_DEBUG_INFO = NO;
				SDKROOT = iphoneos;
				TARGETED_DEVICE_FAMILY = "1,2";
				VALIDATE_PRODUCT = YES;
			};
			name = Release;
		};
		9A4E23061B9A9A4F006FAA88 /* Debug */ = {
			isa = XCBuildConfiguration;
			buildSettings = {
				ASSETCATALOG_COMPILER_APPICON_NAME = AppIcon;
				CLANG_ENABLE_MODULES = YES;
				FRAMEWORK_SEARCH_PATHS = (
					"$(inherited)",
					"$(PROJECT_DIR)/Pods/GoogleMaps/Frameworks",
				);
				INFOPLIST_FILE = iNautix/Info.plist;
				LD_RUNPATH_SEARCH_PATHS = "$(inherited) @executable_path/Frameworks";
				PRODUCT_NAME = "$(TARGET_NAME)";
				SWIFT_OBJC_BRIDGING_HEADER = "iNautix/iNautix-Bridging-Header.h";
				SWIFT_OPTIMIZATION_LEVEL = "-Onone";
			};
			name = Debug;
		};
		9A4E23071B9A9A4F006FAA88 /* Release */ = {
			isa = XCBuildConfiguration;
			buildSettings = {
				ASSETCATALOG_COMPILER_APPICON_NAME = AppIcon;
				CLANG_ENABLE_MODULES = YES;
				FRAMEWORK_SEARCH_PATHS = (
					"$(inherited)",
					"$(PROJECT_DIR)/Pods/GoogleMaps/Frameworks",
				);
				INFOPLIST_FILE = iNautix/Info.plist;
				LD_RUNPATH_SEARCH_PATHS = "$(inherited) @executable_path/Frameworks";
				PRODUCT_NAME = "$(TARGET_NAME)";
				SWIFT_OBJC_BRIDGING_HEADER = "iNautix/iNautix-Bridging-Header.h";
			};
			name = Release;
		};
		9A4E23091B9A9A4F006FAA88 /* Debug */ = {
			isa = XCBuildConfiguration;
			buildSettings = {
				BUNDLE_LOADER = "$(TEST_HOST)";
				FRAMEWORK_SEARCH_PATHS = (
					"$(SDKROOT)/Developer/Library/Frameworks",
					"$(inherited)",
				);
				GCC_PREPROCESSOR_DEFINITIONS = (
					"DEBUG=1",
					"$(inherited)",
				);
				INFOPLIST_FILE = iNautixTests/Info.plist;
				LD_RUNPATH_SEARCH_PATHS = "$(inherited) @executable_path/Frameworks @loader_path/Frameworks";
				PRODUCT_NAME = "$(TARGET_NAME)";
				TEST_HOST = "$(BUILT_PRODUCTS_DIR)/iNautix.app/iNautix";
			};
			name = Debug;
		};
		9A4E230A1B9A9A4F006FAA88 /* Release */ = {
			isa = XCBuildConfiguration;
			buildSettings = {
				BUNDLE_LOADER = "$(TEST_HOST)";
				FRAMEWORK_SEARCH_PATHS = (
					"$(SDKROOT)/Developer/Library/Frameworks",
					"$(inherited)",
				);
				INFOPLIST_FILE = iNautixTests/Info.plist;
				LD_RUNPATH_SEARCH_PATHS = "$(inherited) @executable_path/Frameworks @loader_path/Frameworks";
				PRODUCT_NAME = "$(TARGET_NAME)";
				TEST_HOST = "$(BUILT_PRODUCTS_DIR)/iNautix.app/iNautix";
			};
			name = Release;
		};
/* End XCBuildConfiguration section */

/* Begin XCConfigurationList section */
		9A4E22DE1B9A9A4F006FAA88 /* Build configuration list for PBXProject "iNautix" */ = {
			isa = XCConfigurationList;
			buildConfigurations = (
				9A4E23031B9A9A4F006FAA88 /* Debug */,
				9A4E23041B9A9A4F006FAA88 /* Release */,
			);
			defaultConfigurationIsVisible = 0;
			defaultConfigurationName = Release;
		};
		9A4E23051B9A9A4F006FAA88 /* Build configuration list for PBXNativeTarget "iNautix" */ = {
			isa = XCConfigurationList;
			buildConfigurations = (
				9A4E23061B9A9A4F006FAA88 /* Debug */,
				9A4E23071B9A9A4F006FAA88 /* Release */,
			);
			defaultConfigurationIsVisible = 0;
			defaultConfigurationName = Release;
		};
		9A4E23081B9A9A4F006FAA88 /* Build configuration list for PBXNativeTarget "iNautixTests" */ = {
			isa = XCConfigurationList;
			buildConfigurations = (
				9A4E23091B9A9A4F006FAA88 /* Debug */,
				9A4E230A1B9A9A4F006FAA88 /* Release */,
			);
			defaultConfigurationIsVisible = 0;
			defaultConfigurationName = Release;
		};
/* End XCConfigurationList section */

/* Begin XCVersionGroup section */
		9A4E22EA1B9A9A4F006FAA88 /* iNautix.xcdatamodeld */ = {
			isa = XCVersionGroup;
			children = (
				9A4E22EB1B9A9A4F006FAA88 /* iNautix.xcdatamodel */,
			);
			currentVersion = 9A4E22EB1B9A9A4F006FAA88 /* iNautix.xcdatamodel */;
			path = iNautix.xcdatamodeld;
			sourceTree = "<group>";
			versionGroupType = wrapper.xcdatamodel;
		};
/* End XCVersionGroup section */
	};
	rootObject = 9A4E22DB1B9A9A4F006FAA88 /* Project object */;
}
